
Microsoft Visual Studio Solution File, Format Version 12.00
# Visual Studio Version 17
VisualStudioVersion = 17.0.31903.59
MinimumVisualStudioVersion = 10.0.40219.1
Project("{9A19103F-16F7-4668-BE54-9A1E7A4F7556}") = "CI_platform", "CI_platform.csproj", "{0F26835B-0135-4DB0-9C0E-BF13F2B16B8A}"
EndProject
Project("{9A19103F-16F7-4668-BE54-9A1E7A4F7556}") = "CI_platfom.Entity", "..\CI_platfom.Entity\CI_platfom.Entity.csproj", "{31FDD84A-C366-40C8-977B-1E34DDDD28AA}"
EndProject
Project("{9A19103F-16F7-4668-BE54-9A1E7A4F7556}") = "CI_platform.Repository", "..\CI_platform.Repository\CI_platform.Repository.csproj", "{577AD9B2-ECA5-40DE-9270-5EEF54F6F771}"
EndProject
Global
	GlobalSection(SolutionConfigurationPlatforms) = preSolution
		Debug|Any CPU = Debug|Any CPU
		Release|Any CPU = Release|Any CPU
	EndGlobalSection
	GlobalSection(ProjectConfigurationPlatforms) = postSolution
		{0F26835B-0135-4DB0-9C0E-BF13F2B16B8A}.Debug|Any CPU.ActiveCfg = Debug|Any CPU
		{0F26835B-0135-4DB0-9C0E-BF13F2B16B8A}.Debug|Any CPU.Build.0 = Debug|Any CPU
		{0F26835B-0135-4DB0-9C0E-BF13F2B16B8A}.Release|Any CPU.ActiveCfg = Release|Any CPU
		{0F26835B-0135-4DB0-9C0E-BF13F2B16B8A}.Release|Any CPU.Build.0 = Release|Any CPU
		{31FDD84A-C366-40C8-977B-1E34DDDD28AA}.Debug|Any CPU.ActiveCfg = Debug|Any CPU
		{31FDD84A-C366-40C8-977B-1E34DDDD28AA}.Debug|Any CPU.Build.0 = Debug|Any CPU
		{31FDD84A-C366-40C8-977B-1E34DDDD28AA}.Release|Any CPU.ActiveCfg = Release|Any CPU
		{31FDD84A-C366-40C8-977B-1E34DDDD28AA}.Release|Any CPU.Build.0 = Release|Any CPU
		{577AD9B2-ECA5-40DE-9270-5EEF54F6F771}.Debug|Any CPU.ActiveCfg = Debug|Any CPU
		{577AD9B2-ECA5-40DE-9270-5EEF54F6F771}.Debug|Any CPU.Build.0 = Debug|Any CPU
		{577AD9B2-ECA5-40DE-9270-5EEF54F6F771}.Release|Any CPU.ActiveCfg = Release|Any CPU
		{577AD9B2-ECA5-40DE-9270-5EEF54F6F771}.Release|Any CPU.Build.0 = Release|Any CPU
	EndGlobalSection
	GlobalSection(SolutionProperties) = preSolution
		HideSolutionNode = FALSE
	EndGlobalSection
	GlobalSection(ExtensibilityGlobals) = postSolution
		SolutionGuid = {DC87AA77-0947-4CAF-B49D-E1EB1D27C62F}
	EndGlobalSection
EndGlobal
