
Microsoft Visual Studio Solution File, Format Version 12.00
# Visual Studio Version 17
VisualStudioVersion = 17.0.31903.59
MinimumVisualStudioVersion = 10.0.40219.1
Project("{FAE04EC0-301F-11D3-BF4B-00C04F79EFBC}") = "CIPlatform", "CIPlatform.csproj", "{EFB6B798-6353-4285-8BB8-8CC2DBCB5D27}"
EndProject
Project("{FAE04EC0-301F-11D3-BF4B-00C04F79EFBC}") = "CIPlatform.Entities", "..\CIPlatform.Entities\CIPlatform.Entities.csproj", "{11A7D4AF-F791-4B93-9955-1424257693FE}"
EndProject
Project("{FAE04EC0-301F-11D3-BF4B-00C04F79EFBC}") = "CIPlatform.Repository", "..\CIPlatform.Repository\CIPlatform.Repository.csproj", "{81756153-6455-4637-BC8B-C40A32BFB8DD}"
EndProject
Global
	GlobalSection(SolutionConfigurationPlatforms) = preSolution
		Debug|Any CPU = Debug|Any CPU
		Release|Any CPU = Release|Any CPU
	EndGlobalSection
	GlobalSection(ProjectConfigurationPlatforms) = postSolution
		{EFB6B798-6353-4285-8BB8-8CC2DBCB5D27}.Debug|Any CPU.ActiveCfg = Debug|Any CPU
		{EFB6B798-6353-4285-8BB8-8CC2DBCB5D27}.Debug|Any CPU.Build.0 = Debug|Any CPU
		{EFB6B798-6353-4285-8BB8-8CC2DBCB5D27}.Release|Any CPU.ActiveCfg = Release|Any CPU
		{EFB6B798-6353-4285-8BB8-8CC2DBCB5D27}.Release|Any CPU.Build.0 = Release|Any CPU
		{11A7D4AF-F791-4B93-9955-1424257693FE}.Debug|Any CPU.ActiveCfg = Debug|Any CPU
		{11A7D4AF-F791-4B93-9955-1424257693FE}.Debug|Any CPU.Build.0 = Debug|Any CPU
		{11A7D4AF-F791-4B93-9955-1424257693FE}.Release|Any CPU.ActiveCfg = Release|Any CPU
		{11A7D4AF-F791-4B93-9955-1424257693FE}.Release|Any CPU.Build.0 = Release|Any CPU
		{81756153-6455-4637-BC8B-C40A32BFB8DD}.Debug|Any CPU.ActiveCfg = Debug|Any CPU
		{81756153-6455-4637-BC8B-C40A32BFB8DD}.Debug|Any CPU.Build.0 = Debug|Any CPU
		{81756153-6455-4637-BC8B-C40A32BFB8DD}.Release|Any CPU.ActiveCfg = Release|Any CPU
		{81756153-6455-4637-BC8B-C40A32BFB8DD}.Release|Any CPU.Build.0 = Release|Any CPU
	EndGlobalSection
	GlobalSection(SolutionProperties) = preSolution
		HideSolutionNode = FALSE
	EndGlobalSection
	GlobalSection(ExtensibilityGlobals) = postSolution
		SolutionGuid = {1D64E73C-DE9D-4FE5-A090-E9E8D97719E2}
	EndGlobalSection
EndGlobal
